schema: '2.0'
stages:
  run:
    cmd: PYTHONPATH=/raid/localscratch/qfebvre/4dvarnet-core python -m dvc_main.run
    deps:
    - path: /raid/localscratch/qfebvre/sla-data-registry/CalData/cal_data_new_errs.nc
      md5: f565f04fdc002397d26ca88ae4d60b84
      size: 17162100394
    - path: /raid/localscratch/qfebvre/sla-data-registry/NATL60/NATL/oi/ssh_NATL60_4nadir.nc
      md5: f260914557db138cdada50b592bb14d0
      size: 7648568244
    - path: /raid/localscratch/qfebvre/sla-data-registry/NATL60/NATL/ref/NATL60-CJM165_NATL_ssh_y2013.1y.nc
      md5: 4cb867d02578e5e7776225b8f5f6a08e
      size: 3831633480
    params:
      xp_config.yaml:
        params.loss_loc: 1
    outs:
    - path: dvc/checkpoints
      md5: 0ff1328feac855ee2ebc41d2a3201eac.dir
      size: 49299633
      nfiles: 3
    - path: dvc/metrics
      md5: 78c9f6fdc13ba7b30c49d89830049d63.dir
      size: 484
      nfiles: 1
    - path: dvc/outs
      md5: 7403071ef877bdd5de66b80263d4306b.dir
      size: 79076522
      nfiles: 10
